// !$*UTF8*$!
{
	archiveVersion = 1;
	classes = {
	};
	objectVersion = 50;
	objects = {

/* Begin PBXBuildFile section */
		41007A3D24FBF46100C1F8F8 /* Meal.swift in Sources */ = {isa = PBXBuildFile; fileRef = 41007A3C24FBF46100C1F8F8 /* Meal.swift */; };
		41007A3F24FBF49700C1F8F8 /* Item.swift in Sources */ = {isa = PBXBuildFile; fileRef = 41007A3E24FBF49700C1F8F8 /* Item.swift */; };
		41007A8124FC3D4800C1F8F8 /* MealsController.swift in Sources */ = {isa = PBXBuildFile; fileRef = 41007A8024FC3D4800C1F8F8 /* MealsController.swift */; };
		4149CE6524FA9031009BDD94 /* AppDelegate.swift in Sources */ = {isa = PBXBuildFile; fileRef = 4149CE6424FA9031009BDD94 /* AppDelegate.swift */; };
		4149CE6724FA9031009BDD94 /* SceneDelegate.swift in Sources */ = {isa = PBXBuildFile; fileRef = 4149CE6624FA9031009BDD94 /* SceneDelegate.swift */; };
		4149CE6924FA9031009BDD94 /* ViewController.swift in Sources */ = {isa = PBXBuildFile; fileRef = 4149CE6824FA9031009BDD94 /* ViewController.swift */; };
		4149CE6C24FA9031009BDD94 /* Main.storyboard in Resources */ = {isa = PBXBuildFile; fileRef = 4149CE6A24FA9031009BDD94 /* Main.storyboard */; };
		4149CE6E24FA9032009BDD94 /* Assets.xcassets in Resources */ = {isa = PBXBuildFile; fileRef = 4149CE6D24FA9032009BDD94 /* Assets.xcassets */; };
		4149CE7124FA9032009BDD94 /* LaunchScreen.storyboard in Resources */ = {isa = PBXBuildFile; fileRef = 4149CE6F24FA9032009BDD94 /* LaunchScreen.storyboard */; };
		414A28E725070B2700650798 /* MealDao.swift in Sources */ = {isa = PBXBuildFile; fileRef = 414A28E625070B2700650798 /* MealDao.swift */; };
		419F479224FF25570064DE65 /* Message.swift in Sources */ = {isa = PBXBuildFile; fileRef = 419F479124FF25570064DE65 /* Message.swift */; };
		41E0541B24FD8BC50061E59B /* AddItensViewController.swift in Sources */ = {isa = PBXBuildFile; fileRef = 41E0541924FD8BC50061E59B /* AddItensViewController.swift */; };
		41E0541C24FD8BC50061E59B /* AddItensViewController.xib in Resources */ = {isa = PBXBuildFile; fileRef = 41E0541A24FD8BC50061E59B /* AddItensViewController.xib */; };
/* End PBXBuildFile section */

/* Begin PBXFileReference section */
		41007A3C24FBF46100C1F8F8 /* Meal.swift */ = {isa = PBXFileReference; lastKnownFileType = sourcecode.swift; path = Meal.swift; sourceTree = "<group>"; };
		41007A3E24FBF49700C1F8F8 /* Item.swift */ = {isa = PBXFileReference; lastKnownFileType = sourcecode.swift; path = Item.swift; sourceTree = "<group>"; };
		41007A8024FC3D4800C1F8F8 /* MealsController.swift */ = {isa = PBXFileReference; lastKnownFileType = sourcecode.swift; path = MealsController.swift; sourceTree = "<group>"; };
		4149CE6124FA9031009BDD94 /* eggplant-browni.app */ = {isa = PBXFileReference; explicitFileType = wrapper.application; includeInIndex = 0; path = "eggplant-browni.app"; sourceTree = BUILT_PRODUCTS_DIR; };
		4149CE6424FA9031009BDD94 /* AppDelegate.swift */ = {isa = PBXFileReference; lastKnownFileType = sourcecode.swift; path = AppDelegate.swift; sourceTree = "<group>"; };
		4149CE6624FA9031009BDD94 /* SceneDelegate.swift */ = {isa = PBXFileReference; lastKnownFileType = sourcecode.swift; path = SceneDelegate.swift; sourceTree = "<group>"; };
		4149CE6824FA9031009BDD94 /* ViewController.swift */ = {isa = PBXFileReference; lastKnownFileType = sourcecode.swift; path = ViewController.swift; sourceTree = "<group>"; };
		4149CE6B24FA9031009BDD94 /* Base */ = {isa = PBXFileReference; lastKnownFileType = file.storyboard; name = Base; path = Base.lproj/Main.storyboard; sourceTree = "<group>"; };
		4149CE6D24FA9032009BDD94 /* Assets.xcassets */ = {isa = PBXFileReference; lastKnownFileType = folder.assetcatalog; path = Assets.xcassets; sourceTree = "<group>"; };
		4149CE7024FA9032009BDD94 /* Base */ = {isa = PBXFileReference; lastKnownFileType = file.storyboard; name = Base; path = Base.lproj/LaunchScreen.storyboard; sourceTree = "<group>"; };
		4149CE7224FA9032009BDD94 /* Info.plist */ = {isa = PBXFileReference; lastKnownFileType = text.plist.xml; path = Info.plist; sourceTree = "<group>"; };
		414A28E625070B2700650798 /* MealDao.swift */ = {isa = PBXFileReference; lastKnownFileType = sourcecode.swift; path = MealDao.swift; sourceTree = SOURCE_ROOT; };
		419F479124FF25570064DE65 /* Message.swift */ = {isa = PBXFileReference; lastKnownFileType = sourcecode.swift; path = Message.swift; sourceTree = "<group>"; };
		41D2D56B24FAEA4300AF7611 /* MyPlayground.playground */ = {isa = PBXFileReference; lastKnownFileType = file.playground; name = MyPlayground.playground; path = "../../../Library/Autosave Information/MyPlayground.playground"; sourceTree = "<group>"; xcLanguageSpecificationIdentifier = xcode.lang.swift; };
		41E0541924FD8BC50061E59B /* AddItensViewController.swift */ = {isa = PBXFileReference; lastKnownFileType = sourcecode.swift; path = AddItensViewController.swift; sourceTree = "<group>"; };
		41E0541A24FD8BC50061E59B /* AddItensViewController.xib */ = {isa = PBXFileReference; lastKnownFileType = file.xib; path = AddItensViewController.xib; sourceTree = "<group>"; };
/* End PBXFileReference section */

/* Begin PBXFrameworksBuildPhase section */
		4149CE5E24FA9031009BDD94 /* Frameworks */ = {
			isa = PBXFrameworksBuildPhase;
			buildActionMask = 2147483647;
			files = (
			);
			runOnlyForDeploymentPostprocessing = 0;
		};
/* End PBXFrameworksBuildPhase section */

/* Begin PBXGroup section */
		41007A3924FBF3C400C1F8F8 /* Model */ = {
			isa = PBXGroup;
			children = (
				414A28E625070B2700650798 /* MealDao.swift */,
				41007A3C24FBF46100C1F8F8 /* Meal.swift */,
				41007A3E24FBF49700C1F8F8 /* Item.swift */,
			);
			path = Model;
			sourceTree = "<group>";
		};
		41007A3A24FBF41400C1F8F8 /* View */ = {
			isa = PBXGroup;
			children = (
				41E0541A24FD8BC50061E59B /* AddItensViewController.xib */,
				4149CE6A24FA9031009BDD94 /* Main.storyboard */,
			);
			path = View;
			sourceTree = "<group>";
		};
		41007A3B24FBF43500C1F8F8 /* Controller */ = {
			isa = PBXGroup;
			children = (
				41E0541924FD8BC50061E59B /* AddItensViewController.swift */,
				41007A8024FC3D4800C1F8F8 /* MealsController.swift */,
				4149CE6824FA9031009BDD94 /* ViewController.swift */,
			);
			path = Controller;
			sourceTree = "<group>";
		};
		4149CE5824FA9031009BDD94 = {
			isa = PBXGroup;
			children = (
				4149CE6324FA9031009BDD94 /* eggplant-browni */,
				4149CE6224FA9031009BDD94 /* Products */,
			);
			sourceTree = "<group>";
		};
		4149CE6224FA9031009BDD94 /* Products */ = {
			isa = PBXGroup;
			children = (
				4149CE6124FA9031009BDD94 /* eggplant-browni.app */,
			);
			name = Products;
			sourceTree = "<group>";
		};
		4149CE6324FA9031009BDD94 /* eggplant-browni */ = {
			isa = PBXGroup;
			children = (
				419F479024FF25180064DE65 /* Util */,
				41007A3924FBF3C400C1F8F8 /* Model */,
				41007A3A24FBF41400C1F8F8 /* View */,
				41007A3B24FBF43500C1F8F8 /* Controller */,
				4149CE6424FA9031009BDD94 /* AppDelegate.swift */,
				4149CE6624FA9031009BDD94 /* SceneDelegate.swift */,
				4149CE6D24FA9032009BDD94 /* Assets.xcassets */,
				41D2D56B24FAEA4300AF7611 /* MyPlayground.playground */,
				4149CE6F24FA9032009BDD94 /* LaunchScreen.storyboard */,
				4149CE7224FA9032009BDD94 /* Info.plist */,
			);
			path = "eggplant-browni";
			sourceTree = "<group>";
		};
		419F479024FF25180064DE65 /* Util */ = {
			isa = PBXGroup;
			children = (
				419F479124FF25570064DE65 /* Message.swift */,
			);
			path = Util;
			sourceTree = "<group>";
		};
/* End PBXGroup section */

/* Begin PBXNativeTarget section */
		4149CE6024FA9031009BDD94 /* eggplant-browni */ = {
			isa = PBXNativeTarget;
			buildConfigurationList = 4149CE7524FA9032009BDD94 /* Build configuration list for PBXNativeTarget "eggplant-browni" */;
			buildPhases = (
				4149CE5D24FA9031009BDD94 /* Sources */,
				4149CE5E24FA9031009BDD94 /* Frameworks */,
				4149CE5F24FA9031009BDD94 /* Resources */,
			);
			buildRules = (
			);
			dependencies = (
			);
			name = "eggplant-browni";
			productName = "eggplant-browni";
			productReference = 4149CE6124FA9031009BDD94 /* eggplant-browni.app */;
			productType = "com.apple.product-type.application";
		};
/* End PBXNativeTarget section */

/* Begin PBXProject section */
		4149CE5924FA9031009BDD94 /* Project object */ = {
			isa = PBXProject;
			attributes = {
				LastSwiftUpdateCheck = 1160;
				LastUpgradeCheck = 1160;
				ORGANIZATIONNAME = Sandroni;
				TargetAttributes = {
					4149CE6024FA9031009BDD94 = {
						CreatedOnToolsVersion = 11.6;
					};
				};
			};
			buildConfigurationList = 4149CE5C24FA9031009BDD94 /* Build configuration list for PBXProject "eggplant-browni" */;
			compatibilityVersion = "Xcode 9.3";
			developmentRegion = en;
			hasScannedForEncodings = 0;
			knownRegions = (
				en,
				Base,
			);
			mainGroup = 4149CE5824FA9031009BDD94;
			productRefGroup = 4149CE6224FA9031009BDD94 /* Products */;
			projectDirPath = "";
			projectRoot = "";
			targets = (
				4149CE6024FA9031009BDD94 /* eggplant-browni */,
			);
		};
/* End PBXProject section */

/* Begin PBXResourcesBuildPhase section */
		4149CE5F24FA9031009BDD94 /* Resources */ = {
			isa = PBXResourcesBuildPhase;
			buildActionMask = 2147483647;
			files = (
				4149CE7124FA9032009BDD94 /* LaunchScreen.storyboard in Resources */,
				4149CE6E24FA9032009BDD94 /* Assets.xcassets in Resources */,
				41E0541C24FD8BC50061E59B /* AddItensViewController.xib in Resources */,
				4149CE6C24FA9031009BDD94 /* Main.storyboard in Resources */,
			);
			runOnlyForDeploymentPostprocessing = 0;
		};
/* End PBXResourcesBuildPhase section */

/* Begin PBXSourcesBuildPhase section */
		4149CE5D24FA9031009BDD94 /* Sources */ = {
			isa = PBXSourcesBuildPhase;
			buildActionMask = 2147483647;
			files = (
				419F479224FF25570064DE65 /* Message.swift in Sources */,
				41007A3F24FBF49700C1F8F8 /* Item.swift in Sources */,
				41007A3D24FBF46100C1F8F8 /* Meal.swift in Sources */,
				41007A8124FC3D4800C1F8F8 /* MealsController.swift in Sources */,
				4149CE6924FA9031009BDD94 /* ViewController.swift in Sources */,
				4149CE6524FA9031009BDD94 /* AppDelegate.swift in Sources */,
				41E0541B24FD8BC50061E59B /* AddItensViewController.swift in Sources */,
				4149CE6724FA9031009BDD94 /* SceneDelegate.swift in Sources */,
				414A28E725070B2700650798 /* MealDao.swift in Sources */,
			);
			runOnlyForDeploymentPostprocessing = 0;
		};
/* End PBXSourcesBuildPhase section */

/* Begin PBXVariantGroup section */
		4149CE6A24FA9031009BDD94 /* Main.storyboard */ = {
			isa = PBXVariantGroup;
			children = (
				4149CE6B24FA9031009BDD94 /* Base */,
			);
			name = Main.storyboard;
			sourceTree = "<group>";
		};
		4149CE6F24FA9032009BDD94 /* LaunchScreen.storyboard */ = {
			isa = PBXVariantGroup;
			children = (
				4149CE7024FA9032009BDD94 /* Base */,
			);
			name = LaunchScreen.storyboard;
			sourceTree = "<group>";
		};
/* End PBXVariantGroup section */

/* Begin XCBuildConfiguration section */
		4149CE7324FA9032009BDD94 /* Debug */ = {
			isa = XCBuildConfiguration;
			buildSettings = {
				ALWAYS_SEARCH_USER_PATHS = NO;
				CLANG_ANALYZER_NONNULL = YES;
				CLANG_ANALYZER_NUMBER_OBJECT_CONVERSION = YES_AGGRESSIVE;
				CLANG_CXX_LANGUAGE_STANDARD = "gnu++14";
				CLANG_CXX_LIBRARY = "libc++";
				CLANG_ENABLE_MODULES = YES;
				CLANG_ENABLE_OBJC_ARC = YES;
				CLANG_ENABLE_OBJC_WEAK = YES;
				CLANG_WARN_BLOCK_CAPTURE_AUTORELEASING = YES;
				CLANG_WARN_BOOL_CONVERSION = YES;
				CLANG_WARN_COMMA = YES;
				CLANG_WARN_CONSTANT_CONVERSION = YES;
				CLANG_WARN_DEPRECATED_OBJC_IMPLEMENTATIONS = YES;
				CLANG_WARN_DIRECT_OBJC_ISA_USAGE = YES_ERROR;
				CLANG_WARN_DOCUMENTATION_COMMENTS = YES;
				CLANG_WARN_EMPTY_BODY = YES;
				CLANG_WARN_ENUM_CONVERSION = YES;
				CLANG_WARN_INFINITE_RECURSION = YES;
				CLANG_WARN_INT_CONVERSION = YES;
				CLANG_WARN_NON_LITERAL_NULL_CONVERSION = YES;
				CLANG_WARN_OBJC_IMPLICIT_RETAIN_SELF = YES;
				CLANG_WARN_OBJC_LITERAL_CONVERSION = YES;
				CLANG_WARN_OBJC_ROOT_CLASS = YES_ERROR;
				CLANG_WARN_RANGE_LOOP_ANALYSIS = YES;
				CLANG_WARN_STRICT_PROTOTYPES = YES;
				CLANG_WARN_SUSPICIOUS_MOVE = YES;
				CLANG_WARN_UNGUARDED_AVAILABILITY = YES_AGGRESSIVE;
				CLANG_WARN_UNREACHABLE_CODE = YES;
				CLANG_WARN__DUPLICATE_METHOD_MATCH = YES;
				COPY_PHASE_STRIP = NO;
				DEBUG_INFORMATION_FORMAT = dwarf;
				ENABLE_STRICT_OBJC_MSGSEND = YES;
				ENABLE_TESTABILITY = YES;
				GCC_C_LANGUAGE_STANDARD = gnu11;
				GCC_DYNAMIC_NO_PIC = NO;
				GCC_NO_COMMON_BLOCKS = YES;
				GCC_OPTIMIZATION_LEVEL = 0;
				GCC_PREPROCESSOR_DEFINITIONS = (
					"DEBUG=1",
					"$(inherited)",
				);
				GCC_WARN_64_TO_32_BIT_CONVERSION = YES;
				GCC_WARN_ABOUT_RETURN_TYPE = YES_ERROR;
				GCC_WARN_UNDECLARED_SELECTOR = YES;
				GCC_WARN_UNINITIALIZED_AUTOS = YES_AGGRESSIVE;
				GCC_WARN_UNUSED_FUNCTION = YES;
				GCC_WARN_UNUSED_VARIABLE = YES;
				IPHONEOS_DEPLOYMENT_TARGET = 13.6;
				MTL_ENABLE_DEBUG_INFO = INCLUDE_SOURCE;
				MTL_FAST_MATH = YES;
				ONLY_ACTIVE_ARCH = YES;
				SDKROOT = iphoneos;
				SWIFT_ACTIVE_COMPILATION_CONDITIONS = DEBUG;
				SWIFT_OPTIMIZATION_LEVEL = "-Onone";
			};
			name = Debug;
		};
		4149CE7424FA9032009BDD94 /* Release */ = {
			isa = XCBuildConfiguration;
			buildSettings = {
				ALWAYS_SEARCH_USER_PATHS = NO;
				CLANG_ANALYZER_NONNULL = YES;
				CLANG_ANALYZER_NUMBER_OBJECT_CONVERSION = YES_AGGRESSIVE;
				CLANG_CXX_LANGUAGE_STANDARD = "gnu++14";
				CLANG_CXX_LIBRARY = "libc++";
				CLANG_ENABLE_MODULES = YES;
				CLANG_ENABLE_OBJC_ARC = YES;
				CLANG_ENABLE_OBJC_WEAK = YES;
				CLANG_WARN_BLOCK_CAPTURE_AUTORELEASING = YES;
				CLANG_WARN_BOOL_CONVERSION = YES;
				CLANG_WARN_COMMA = YES;
				CLANG_WARN_CONSTANT_CONVERSION = YES;
				CLANG_WARN_DEPRECATED_OBJC_IMPLEMENTATIONS = YES;
				CLANG_WARN_DIRECT_OBJC_ISA_USAGE = YES_ERROR;
				CLANG_WARN_DOCUMENTATION_COMMENTS = YES;
				CLANG_WARN_EMPTY_BODY = YES;
				CLANG_WARN_ENUM_CONVERSION = YES;
				CLANG_WARN_INFINITE_RECURSION = YES;
				CLANG_WARN_INT_CONVERSION = YES;
				CLANG_WARN_NON_LITERAL_NULL_CONVERSION = YES;
				CLANG_WARN_OBJC_IMPLICIT_RETAIN_SELF = YES;
				CLANG_WARN_OBJC_LITERAL_CONVERSION = YES;
				CLANG_WARN_OBJC_ROOT_CLASS = YES_ERROR;
				CLANG_WARN_RANGE_LOOP_ANALYSIS = YES;
				CLANG_WARN_STRICT_PROTOTYPES = YES;
				CLANG_WARN_SUSPICIOUS_MOVE = YES;
				CLANG_WARN_UNGUARDED_AVAILABILITY = YES_AGGRESSIVE;
				CLANG_WARN_UNREACHABLE_CODE = YES;
				CLANG_WARN__DUPLICATE_METHOD_MATCH = YES;
				COPY_PHASE_STRIP = NO;
				DEBUG_INFORMATION_FORMAT = "dwarf-with-dsym";
				ENABLE_NS_ASSERTIONS = NO;
				ENABLE_STRICT_OBJC_MSGSEND = YES;
				GCC_C_LANGUAGE_STANDARD = gnu11;
				GCC_NO_COMMON_BLOCKS = YES;
				GCC_WARN_64_TO_32_BIT_CONVERSION = YES;
				GCC_WARN_ABOUT_RETURN_TYPE = YES_ERROR;
				GCC_WARN_UNDECLARED_SELECTOR = YES;
				GCC_WARN_UNINITIALIZED_AUTOS = YES_AGGRESSIVE;
				GCC_WARN_UNUSED_FUNCTION = YES;
				GCC_WARN_UNUSED_VARIABLE = YES;
				IPHONEOS_DEPLOYMENT_TARGET = 13.6;
				MTL_ENABLE_DEBUG_INFO = NO;
				MTL_FAST_MATH = YES;
				SDKROOT = iphoneos;
				SWIFT_COMPILATION_MODE = wholemodule;
				SWIFT_OPTIMIZATION_LEVEL = "-O";
				VALIDATE_PRODUCT = YES;
			};
			name = Release;
		};
		4149CE7624FA9032009BDD94 /* Debug */ = {
			isa = XCBuildConfiguration;
			buildSettings = {
				ASSETCATALOG_COMPILER_APPICON_NAME = AppIcon;
				CODE_SIGN_STYLE = Automatic;
				INFOPLIST_FILE = "eggplant-browni/Info.plist";
				LD_RUNPATH_SEARCH_PATHS = (
					"$(inherited)",
					"@executable_path/Frameworks",
				);
				PRODUCT_BUNDLE_IDENTIFIER = "br.com.sandroni.eggplant-browni";
				PRODUCT_NAME = "$(TARGET_NAME)";
				SWIFT_VERSION = 5.0;
				TARGETED_DEVICE_FAMILY = "1,2";
			};
			name = Debug;
		};
		4149CE7724FA9032009BDD94 /* Release */ = {
			isa = XCBuildConfiguration;
			buildSettings = {
				ASSETCATALOG_COMPILER_APPICON_NAME = AppIcon;
				CODE_SIGN_STYLE = Automatic;
				INFOPLIST_FILE = "eggplant-browni/Info.plist";
				LD_RUNPATH_SEARCH_PATHS = (
					"$(inherited)",
					"@executable_path/Frameworks",
				);
				PRODUCT_BUNDLE_IDENTIFIER = "br.com.sandroni.eggplant-browni";
				PRODUCT_NAME = "$(TARGET_NAME)";
				SWIFT_VERSION = 5.0;
				TARGETED_DEVICE_FAMILY = "1,2";
			};
			name = Release;
		};
/* End XCBuildConfiguration section */

/* Begin XCConfigurationList section */
		4149CE5C24FA9031009BDD94 /* Build configuration list for PBXProject "eggplant-browni" */ = {
			isa = XCConfigurationList;
			buildConfigurations = (
				4149CE7324FA9032009BDD94 /* Debug */,
				4149CE7424FA9032009BDD94 /* Release */,
			);
			defaultConfigurationIsVisible = 0;
			defaultConfigurationName = Release;
		};
		4149CE7524FA9032009BDD94 /* Build configuration list for PBXNativeTarget "eggplant-browni" */ = {
			isa = XCConfigurationList;
			buildConfigurations = (
				4149CE7624FA9032009BDD94 /* Debug */,
				4149CE7724FA9032009BDD94 /* Release */,
			);
			defaultConfigurationIsVisible = 0;
			defaultConfigurationName = Release;
		};
/* End XCConfigurationList section */
	};
	rootObject = 4149CE5924FA9031009BDD94 /* Project object */;
}
